
Microsoft Visual Studio Solution File, Format Version 12.00
# Visual Studio Version 17
VisualStudioVersion = 17.3.32929.385
MinimumVisualStudioVersion = 10.0.40219.1
Project("{9A19103F-16F7-4668-BE54-9A1E7A4F7556}") = "VivesRental.Model", "VivesRental.Model\VivesRental.Model.csproj", "{9424B442-9455-4A84-AC3F-7AB0677FEB26}"
EndProject
Project("{9A19103F-16F7-4668-BE54-9A1E7A4F7556}") = "VivesRental.Repository", "VivesRental.Repository\VivesRental.Repository.csproj", "{5046CD22-3640-4989-83D2-51178C48DD94}"
EndProject
Project("{9A19103F-16F7-4668-BE54-9A1E7A4F7556}") = "VivesRental.Services", "VivesRental.Services\VivesRental.Services.csproj", "{178E85BF-04C3-415A-A6D8-F76D52142108}"
EndProject
Project("{2150E333-8FDC-42A3-9474-1A3956D46DE8}") = "Repository", "Repository", "{EEBEACA2-BA21-424B-82A1-A179CFF22CB1}"
EndProject
Project("{2150E333-8FDC-42A3-9474-1A3956D46DE8}") = "Services", "Services", "{13135B6E-18D9-40D5-959D-71B5C7E119FE}"
EndProject
Project("{2150E333-8FDC-42A3-9474-1A3956D46DE8}") = "Tests", "Tests", "{03F1DDCF-EE78-4D5D-98CB-39B06AEA855B}"
EndProject
Project("{9A19103F-16F7-4668-BE54-9A1E7A4F7556}") = "VivesRental.Tests.Data", "VivesRental.Tests.Data\VivesRental.Tests.Data.csproj", "{1D923E57-00A7-4D42-B855-8D493300F1C4}"
EndProject
Project("{9A19103F-16F7-4668-BE54-9A1E7A4F7556}") = "VivesRental.Services.Tests", "VivesRental.Services.Tests\VivesRental.Services.Tests.csproj", "{CC38CD6A-2FAC-4732-91E1-AC1C30B305DD}"
EndProject
Project("{9A19103F-16F7-4668-BE54-9A1E7A4F7556}") = "VivesRental.Enums", "VivesRental.Enums\VivesRental.Enums.csproj", "{B095C672-928B-4FBD-84AC-79D1374B8855}"
EndProject
Project("{9A19103F-16F7-4668-BE54-9A1E7A4F7556}") = "VivesRental.Services.Model", "VivesRental.Services.Model\VivesRental.Services.Model.csproj", "{C600D811-0061-4A2C-B2BC-195F035195C3}"
EndProject
Project("{9A19103F-16F7-4668-BE54-9A1E7A4F7556}") = "VivesRental.Services.Abstractions", "VivesRental.Services.Abstractions\VivesRental.Services.Abstractions.csproj", "{B0AFAFF9-75C9-4A8F-A3B9-F6D531B9946E}"
EndProject
Project("{9A19103F-16F7-4668-BE54-9A1E7A4F7556}") = "VivesRental.Model.Tests", "VivesRental.Model.Tests\VivesRental.Model.Tests.csproj", "{411D1C4A-EA2D-411E-A4F1-24ACB8A903F3}"
EndProject
Project("{9A19103F-16F7-4668-BE54-9A1E7A4F7556}") = "VivesRental.Model.Extensions", "VivesRental.Model.Extensions\VivesRental.Model.Extensions.csproj", "{A06703F2-CA97-44A2-84EA-20DD7D44893F}"
EndProject
Project("{2150E333-8FDC-42A3-9474-1A3956D46DE8}") = "Ui", "Ui", "{4264E910-4DC1-4B2E-9F90-12A5D7F3FD39}"
EndProject
Project("{FAE04EC0-301F-11D3-BF4B-00C04F79EFBC}") = "VivesRental.Ui.WebApp", "VivesRental.Ui\VivesRental.Ui.WebApp.csproj", "{33B33E6B-D0C0-47EC-9E4B-19D1C85BBD14}"
EndProject
Global
	GlobalSection(SolutionConfigurationPlatforms) = preSolution
		Debug|Any CPU = Debug|Any CPU
		Release|Any CPU = Release|Any CPU
	EndGlobalSection
	GlobalSection(ProjectConfigurationPlatforms) = postSolution
		{9424B442-9455-4A84-AC3F-7AB0677FEB26}.Debug|Any CPU.ActiveCfg = Debug|Any CPU
		{9424B442-9455-4A84-AC3F-7AB0677FEB26}.Debug|Any CPU.Build.0 = Debug|Any CPU
		{9424B442-9455-4A84-AC3F-7AB0677FEB26}.Release|Any CPU.ActiveCfg = Release|Any CPU
		{9424B442-9455-4A84-AC3F-7AB0677FEB26}.Release|Any CPU.Build.0 = Release|Any CPU
		{5046CD22-3640-4989-83D2-51178C48DD94}.Debug|Any CPU.ActiveCfg = Debug|Any CPU
		{5046CD22-3640-4989-83D2-51178C48DD94}.Debug|Any CPU.Build.0 = Debug|Any CPU
		{5046CD22-3640-4989-83D2-51178C48DD94}.Release|Any CPU.ActiveCfg = Release|Any CPU
		{5046CD22-3640-4989-83D2-51178C48DD94}.Release|Any CPU.Build.0 = Release|Any CPU
		{178E85BF-04C3-415A-A6D8-F76D52142108}.Debug|Any CPU.ActiveCfg = Debug|Any CPU
		{178E85BF-04C3-415A-A6D8-F76D52142108}.Debug|Any CPU.Build.0 = Debug|Any CPU
		{178E85BF-04C3-415A-A6D8-F76D52142108}.Release|Any CPU.ActiveCfg = Release|Any CPU
		{178E85BF-04C3-415A-A6D8-F76D52142108}.Release|Any CPU.Build.0 = Release|Any CPU
		{1D923E57-00A7-4D42-B855-8D493300F1C4}.Debug|Any CPU.ActiveCfg = Debug|Any CPU
		{1D923E57-00A7-4D42-B855-8D493300F1C4}.Debug|Any CPU.Build.0 = Debug|Any CPU
		{1D923E57-00A7-4D42-B855-8D493300F1C4}.Release|Any CPU.ActiveCfg = Release|Any CPU
		{1D923E57-00A7-4D42-B855-8D493300F1C4}.Release|Any CPU.Build.0 = Release|Any CPU
		{CC38CD6A-2FAC-4732-91E1-AC1C30B305DD}.Debug|Any CPU.ActiveCfg = Debug|Any CPU
		{CC38CD6A-2FAC-4732-91E1-AC1C30B305DD}.Debug|Any CPU.Build.0 = Debug|Any CPU
		{CC38CD6A-2FAC-4732-91E1-AC1C30B305DD}.Release|Any CPU.ActiveCfg = Release|Any CPU
		{CC38CD6A-2FAC-4732-91E1-AC1C30B305DD}.Release|Any CPU.Build.0 = Release|Any CPU
		{B095C672-928B-4FBD-84AC-79D1374B8855}.Debug|Any CPU.ActiveCfg = Debug|Any CPU
		{B095C672-928B-4FBD-84AC-79D1374B8855}.Debug|Any CPU.Build.0 = Debug|Any CPU
		{B095C672-928B-4FBD-84AC-79D1374B8855}.Release|Any CPU.ActiveCfg = Release|Any CPU
		{B095C672-928B-4FBD-84AC-79D1374B8855}.Release|Any CPU.Build.0 = Release|Any CPU
		{C600D811-0061-4A2C-B2BC-195F035195C3}.Debug|Any CPU.ActiveCfg = Debug|Any CPU
		{C600D811-0061-4A2C-B2BC-195F035195C3}.Debug|Any CPU.Build.0 = Debug|Any CPU
		{C600D811-0061-4A2C-B2BC-195F035195C3}.Release|Any CPU.ActiveCfg = Release|Any CPU
		{C600D811-0061-4A2C-B2BC-195F035195C3}.Release|Any CPU.Build.0 = Release|Any CPU
		{B0AFAFF9-75C9-4A8F-A3B9-F6D531B9946E}.Debug|Any CPU.ActiveCfg = Debug|Any CPU
		{B0AFAFF9-75C9-4A8F-A3B9-F6D531B9946E}.Debug|Any CPU.Build.0 = Debug|Any CPU
		{B0AFAFF9-75C9-4A8F-A3B9-F6D531B9946E}.Release|Any CPU.ActiveCfg = Release|Any CPU
		{B0AFAFF9-75C9-4A8F-A3B9-F6D531B9946E}.Release|Any CPU.Build.0 = Release|Any CPU
		{411D1C4A-EA2D-411E-A4F1-24ACB8A903F3}.Debug|Any CPU.ActiveCfg = Debug|Any CPU
		{411D1C4A-EA2D-411E-A4F1-24ACB8A903F3}.Debug|Any CPU.Build.0 = Debug|Any CPU
		{411D1C4A-EA2D-411E-A4F1-24ACB8A903F3}.Release|Any CPU.ActiveCfg = Release|Any CPU
		{411D1C4A-EA2D-411E-A4F1-24ACB8A903F3}.Release|Any CPU.Build.0 = Release|Any CPU
		{A06703F2-CA97-44A2-84EA-20DD7D44893F}.Debug|Any CPU.ActiveCfg = Debug|Any CPU
		{A06703F2-CA97-44A2-84EA-20DD7D44893F}.Debug|Any CPU.Build.0 = Debug|Any CPU
		{A06703F2-CA97-44A2-84EA-20DD7D44893F}.Release|Any CPU.ActiveCfg = Release|Any CPU
		{A06703F2-CA97-44A2-84EA-20DD7D44893F}.Release|Any CPU.Build.0 = Release|Any CPU
		{33B33E6B-D0C0-47EC-9E4B-19D1C85BBD14}.Debug|Any CPU.ActiveCfg = Debug|Any CPU
		{33B33E6B-D0C0-47EC-9E4B-19D1C85BBD14}.Debug|Any CPU.Build.0 = Debug|Any CPU
		{33B33E6B-D0C0-47EC-9E4B-19D1C85BBD14}.Release|Any CPU.ActiveCfg = Release|Any CPU
		{33B33E6B-D0C0-47EC-9E4B-19D1C85BBD14}.Release|Any CPU.Build.0 = Release|Any CPU
	EndGlobalSection
	GlobalSection(SolutionProperties) = preSolution
		HideSolutionNode = FALSE
	EndGlobalSection
	GlobalSection(NestedProjects) = preSolution
		{9424B442-9455-4A84-AC3F-7AB0677FEB26} = {EEBEACA2-BA21-424B-82A1-A179CFF22CB1}
		{5046CD22-3640-4989-83D2-51178C48DD94} = {EEBEACA2-BA21-424B-82A1-A179CFF22CB1}
		{178E85BF-04C3-415A-A6D8-F76D52142108} = {13135B6E-18D9-40D5-959D-71B5C7E119FE}
		{1D923E57-00A7-4D42-B855-8D493300F1C4} = {03F1DDCF-EE78-4D5D-98CB-39B06AEA855B}
		{CC38CD6A-2FAC-4732-91E1-AC1C30B305DD} = {03F1DDCF-EE78-4D5D-98CB-39B06AEA855B}
		{B095C672-928B-4FBD-84AC-79D1374B8855} = {EEBEACA2-BA21-424B-82A1-A179CFF22CB1}
		{C600D811-0061-4A2C-B2BC-195F035195C3} = {13135B6E-18D9-40D5-959D-71B5C7E119FE}
		{B0AFAFF9-75C9-4A8F-A3B9-F6D531B9946E} = {13135B6E-18D9-40D5-959D-71B5C7E119FE}
		{411D1C4A-EA2D-411E-A4F1-24ACB8A903F3} = {03F1DDCF-EE78-4D5D-98CB-39B06AEA855B}
		{A06703F2-CA97-44A2-84EA-20DD7D44893F} = {EEBEACA2-BA21-424B-82A1-A179CFF22CB1}
		{33B33E6B-D0C0-47EC-9E4B-19D1C85BBD14} = {4264E910-4DC1-4B2E-9F90-12A5D7F3FD39}
	EndGlobalSection
	GlobalSection(ExtensibilityGlobals) = postSolution
		SolutionGuid = {8597BBC0-749A-49A3-A0E6-3DCE877EDBA5}
	EndGlobalSection
EndGlobal
